
Microsoft Visual Studio Solution File, Format Version 12.00
# Visual Studio 15
VisualStudioVersion = 15.0.27428.2037
MinimumVisualStudioVersion = 10.0.40219.1
Project("{FAE04EC0-301F-11D3-BF4B-00C04F79EFBC}") = "PlainServer", "PlainServer\PlainServer.csproj", "{D310CE8A-655D-493B-972C-9A57FC05FF04}"
EndProject
Project("{FAE04EC0-301F-11D3-BF4B-00C04F79EFBC}") = "PlainClient", "PlainClient\PlainClient.csproj", "{64E984F3-EED5-4337-8767-CE694791CA48}"
EndProject
Project("{FAE04EC0-301F-11D3-BF4B-00C04F79EFBC}") = "ModelLib", "ModelLib\ModelLib.csproj", "{2AC52641-5447-4354-8507-4894286462C5}"
EndProject
Global
	GlobalSection(SolutionConfigurationPlatforms) = preSolution
		Debug|Any CPU = Debug|Any CPU
		Release|Any CPU = Release|Any CPU
	EndGlobalSection
	GlobalSection(ProjectConfigurationPlatforms) = postSolution
		{D310CE8A-655D-493B-972C-9A57FC05FF04}.Debug|Any CPU.ActiveCfg = Debug|Any CPU
		{D310CE8A-655D-493B-972C-9A57FC05FF04}.Debug|Any CPU.Build.0 = Debug|Any CPU
		{D310CE8A-655D-493B-972C-9A57FC05FF04}.Release|Any CPU.ActiveCfg = Release|Any CPU
		{D310CE8A-655D-493B-972C-9A57FC05FF04}.Release|Any CPU.Build.0 = Release|Any CPU
		{64E984F3-EED5-4337-8767-CE694791CA48}.Debug|Any CPU.ActiveCfg = Debug|Any CPU
		{64E984F3-EED5-4337-8767-CE694791CA48}.Debug|Any CPU.Build.0 = Debug|Any CPU
		{64E984F3-EED5-4337-8767-CE694791CA48}.Release|Any CPU.ActiveCfg = Release|Any CPU
		{64E984F3-EED5-4337-8767-CE694791CA48}.Release|Any CPU.Build.0 = Release|Any CPU
		{2AC52641-5447-4354-8507-4894286462C5}.Debug|Any CPU.ActiveCfg = Debug|Any CPU
		{2AC52641-5447-4354-8507-4894286462C5}.Debug|Any CPU.Build.0 = Debug|Any CPU
		{2AC52641-5447-4354-8507-4894286462C5}.Release|Any CPU.ActiveCfg = Release|Any CPU
		{2AC52641-5447-4354-8507-4894286462C5}.Release|Any CPU.Build.0 = Release|Any CPU
	EndGlobalSection
	GlobalSection(SolutionProperties) = preSolution
		HideSolutionNode = FALSE
	EndGlobalSection
	GlobalSection(ExtensibilityGlobals) = postSolution
		SolutionGuid = {28F8C0B6-9EF7-45A1-8C7E-0D6A350EE3FB}
	EndGlobalSection
EndGlobal
